
Microsoft Visual Studio Solution File, Format Version 12.00
# Visual Studio Version 17
VisualStudioVersion = 17.4.33205.214
MinimumVisualStudioVersion = 10.0.40219.1
Project("{FAE04EC0-301F-11D3-BF4B-00C04F79EFBC}") = "xadrez-console", "xadrez-console\xadrez-console.csproj", "{82EE7B84-1485-42D9-B020-B2475B136176}"
EndProject
Global
	GlobalSection(SolutionConfigurationPlatforms) = preSolution
		Debug|Any CPU = Debug|Any CPU
		Release|Any CPU = Release|Any CPU
	EndGlobalSection
	GlobalSection(ProjectConfigurationPlatforms) = postSolution
		{82EE7B84-1485-42D9-B020-B2475B136176}.Debug|Any CPU.ActiveCfg = Debug|Any CPU
		{82EE7B84-1485-42D9-B020-B2475B136176}.Debug|Any CPU.Build.0 = Debug|Any CPU
		{82EE7B84-1485-42D9-B020-B2475B136176}.Release|Any CPU.ActiveCfg = Release|Any CPU
		{82EE7B84-1485-42D9-B020-B2475B136176}.Release|Any CPU.Build.0 = Release|Any CPU
	EndGlobalSection
	GlobalSection(SolutionProperties) = preSolution
		HideSolutionNode = FALSE
	EndGlobalSection
	GlobalSection(ExtensibilityGlobals) = postSolution
		SolutionGuid = {B6608419-FF3A-41EE-818A-4B2E16A17FA0}
	EndGlobalSection
EndGlobal
